
Microsoft Visual Studio Solution File, Format Version 12.00
# Visual Studio Version 16
VisualStudioVersion = 16.0.810.3
MinimumVisualStudioVersion = 10.0.40219.1
Project("{FAE04EC0-301F-11D3-BF4B-00C04F79EFBC}") = "medAssisTantApp", "medAssisTantApp.csproj", "{D90816C8-B225-4433-A57D-6EF8004E7B44}"
EndProject
Global
	GlobalSection(SolutionConfigurationPlatforms) = preSolution
		Debug|Any CPU = Debug|Any CPU
		Release|Any CPU = Release|Any CPU
	EndGlobalSection
	GlobalSection(ProjectConfigurationPlatforms) = postSolution
		{D90816C8-B225-4433-A57D-6EF8004E7B44}.Debug|Any CPU.ActiveCfg = Debug|Any CPU
		{D90816C8-B225-4433-A57D-6EF8004E7B44}.Debug|Any CPU.Build.0 = Debug|Any CPU
		{D90816C8-B225-4433-A57D-6EF8004E7B44}.Release|Any CPU.ActiveCfg = Release|Any CPU
		{D90816C8-B225-4433-A57D-6EF8004E7B44}.Release|Any CPU.Build.0 = Release|Any CPU
	EndGlobalSection
	GlobalSection(SolutionProperties) = preSolution
		HideSolutionNode = FALSE
	EndGlobalSection
	GlobalSection(ExtensibilityGlobals) = postSolution
		SolutionGuid = {42A04E05-6977-4D1C-946E-193277939096}
	EndGlobalSection
EndGlobal
